{
  "lockfileVersion": 1,
  "configVersion": 1,
  "workspaces": {
    "": {
      "name": "@stacksjs/calendar",
      "devDependencies": {
        "better-dx": "^0.2.19",
      },
    },
  },
  "packages": {
    "@cwcss/crosswind": ["@cwcss/crosswind@0.2.10", "", { "dependencies": { "@stacksjs/clapp": "^0.2.0", "bunfig": "^0.15.0" }, "bin": { "crosswind": "./dist/cli.js" } }, "sha512-yG0kjhmhZxSQtmDu3STgIrYc6zUuH+g6gwzaYq5LqKStY1HM65WZWMI86ZqET6yGRRWUdQQMCF2176o2nK8YRA=="],

    "@stacksjs/bumpx": ["@stacksjs/bumpx@0.2.6", "", { "dependencies": { "@stacksjs/clapp": "^0.2.0", "@stacksjs/logsmith": "^0.2.1", "bunfig": "^0.15.6" }, "bin": { "bumpx": "./dist/bin/cli.js" } }, "sha512-y4Jz8WKTJtes6/o1vsIbOeuIoqKItfnbeel94qrJKNKsY2CBzU3FT3YwKjs8K52JFfyACCdQa1tGx+lQWtpyTA=="],

    "@stacksjs/bunpress": ["@stacksjs/bunpress@0.1.15", "", { "dependencies": { "@stacksjs/stx": "^0.2.82", "@stacksjs/ts-cloud": "^0.7.26", "@stacksjs/ts-md": "^0.1.1", "bunfig": "^0.15.6" }, "bin": { "bunpress": "./dist/bin/cli.js" } }, "sha512-7aePhCvLWO9Sq4DfKS1ZCZnHGpaUPqc1zEvhhfd6c7dqge+MHJ5RJgUccBENwhdrNrDkRPH6vb6ADRmaGp4vDw=="],

    "@stacksjs/clapp": ["@stacksjs/clapp@0.2.12", "", {}, "sha512-EzCjl9cfKNMe7UPONHSSAffyfFVrbLzcEVx2i6HYLnJkcka5HFf1vPvOMkErCC10WDX+2Z1BOMTdsTXP1MqIbQ=="],

    "@stacksjs/clarity": ["@stacksjs/clarity@0.3.28", "", { "dependencies": { "bunfig": "^0.15.6" }, "bin": { "clarity": "./dist/bin/cli.js" } }, "sha512-SElzGeDewEbp0c4C8PTfdvi/Xtr1HGAjG6b0prHvkVxyYGM+2R0BFU0otUmy+DbR7wsfZ4rNU3YN1+JK/CzoTw=="],

    "@stacksjs/desktop": ["@stacksjs/desktop@0.2.99", "", { "peerDependencies": { "craft": "*" }, "optionalPeers": ["craft"] }, "sha512-CQwp77Y50Qbz3ih2KBGfIqUhmUm3U5wkPHDGtQM6hIlBYexbyxtdZMBp/uZkvD4wYrtojMtqnzb/TxBvxwQ9uA=="],

    "@stacksjs/dtsx": ["@stacksjs/dtsx@0.10.9", "", { "dependencies": { "@stacksjs/clapp": "^0.2.0" }, "bin": { "dtsx": "./dist/bin/cli.js" } }, "sha512-cg/hykWH47pcnhz9/9QQGAIj6U13BZktDQccO/AeJM4algoLBM9/AMhwnAjW6nnQ8D+petHvSBf3oPz+ACUE0Q=="],

    "@stacksjs/gitlint": ["@stacksjs/gitlint@0.1.6", "", { "bin": { "gitlint": "./dist/bin/cli.js" } }, "sha512-A4MTsddeWHEhz0mLKq+P/CqHxmWv4SWhrmWotP1UMtVbGlpYs/q+bwqrFyThT6L9xMR8iWKGVTV908oS6QDeNg=="],

    "@stacksjs/logsmith": ["@stacksjs/logsmith@0.2.3", "", { "dependencies": { "@stacksjs/clapp": "^0.2.0", "bunfig": "^0.15.6", "pickier": "^0.1.9" }, "bin": { "@stacksjs/logsmith": "./dist/bin/cli.js", "logsmith": "./dist/bin/cli.js" } }, "sha512-Jy2AHVdEQwDtjlOVSG4xOmIMSy/D2iZcPK7KaoDOmKfZbMmfmbhveK16w1TWKCY9duhMZigdpeFx39ZzXGARVg=="],

    "@stacksjs/sanitizer": ["@stacksjs/sanitizer@0.2.99", "", {}, "sha512-bIJy4mgT1rVVW8wGSS31qnIOvDynh+ZKA66bo+LNqct3msEr62w28w/nTFp2MlGp2VGiPTZn0GKxLkIKWa1UXQ=="],

    "@stacksjs/stx": ["@stacksjs/stx@0.2.99", "", { "dependencies": { "@cwcss/crosswind": "^0.2.6", "@stacksjs/clapp": "^0.2.0", "@stacksjs/sanitizer": "0.2.99", "@stacksjs/ts-i18n": "^0.1.11", "bun-plugin-stx": "0.2.99", "bunfig": "^0.15.15", "stx-router": "0.2.99", "ts-broadcasting": "^0.0.8", "ts-images": "^0.1.9", "ts-syntax-highlighter": "^0.2.1" }, "optionalDependencies": { "@stacksjs/desktop": "0.2.99" }, "bin": { "stx": "./dist/cli.js" } }, "sha512-F4GuF4XXRLC7QEUQvcZkzj9yc27wDS0k44GQ7TAZzbu0Dxd4KxJsGw2PM4fgVc5Fi+C/v/tXXf9Dp9AnP7QV/w=="],

    "@stacksjs/ts-avif": ["@stacksjs/ts-avif@0.1.2", "", {}, "sha512-IJWjCZbRoJANEFXw/ioD8k3Ii71HKn5Mwc1/kNWONwMEgue65vEo8HtCJXHlbI+XgOpXUlVULJw8U0wfampYGA=="],

    "@stacksjs/ts-bmp": ["@stacksjs/ts-bmp@0.1.0", "", {}, "sha512-O02r5q35OaoLRkTLOcFCylQzY3Oeji6QebdzLBfuWt77MoS/gY/4igY53N++pUjA4uS34cHHd/P651LlCKoBeA=="],

    "@stacksjs/ts-cloud": ["@stacksjs/ts-cloud@0.7.49", "", { "dependencies": { "@stacksjs/ts-xml": "^0.1.0", "@ts-cloud/aws-types": "0.7.49", "@ts-cloud/core": "0.7.49" }, "bin": { "cloud": "./dist/bin/cli.js" } }, "sha512-b4KARdt9HDRmh7sy8gwLO+yLm379gv9Goe9SI29+Rpgx9hPFcooWK9gbwowQCZmRzmOBzajotyDt1/Bjrtotuw=="],

    "@stacksjs/ts-css": ["@stacksjs/ts-css@0.1.0", "", { "dependencies": { "bunfig": "^0.15.6" }, "bin": { "ts-css": "./dist/bin/cli.js" } }, "sha512-373WvzZeXdqwi6lRwyfr05r3KOtbo4QXWPhmoGFI6NSa5ZcUEiyYJGL2KsV9mfQNTsBp+0q3wPnj1EQ/1zuieg=="],

    "@stacksjs/ts-i18n": ["@stacksjs/ts-i18n@0.1.11", "", { "dependencies": { "@stacksjs/clapp": "^0.2.9", "bunfig": "^0.15.6" }, "bin": { "i18n": "./dist/cli.js" } }, "sha512-33FM0gKdxBy6EUsUZLGAMe0D7QUZ4f/BQXRsQIyzkZgs2+juruUTevPuJGCjWSZsgJuiaBfEJn8Oq8ctuo1OWQ=="],

    "@stacksjs/ts-md": ["@stacksjs/ts-md@0.1.1", "", { "bin": { "md": "./bin/cli.ts" } }, "sha512-kvsSg7S3vHq65fnHIRggTLudN4n1sjkos86xLB62V6PVRa8iosYAmFKVDTGaJk+0MdsIoRwQbJ2vLWVcNQsgGw=="],

    "@stacksjs/ts-png": ["@stacksjs/ts-png@0.1.7", "", {}, "sha512-ZMYPpbt6kL1HlhazwoRMUer9e24sPA6KgK6wZEAHp/+XgPbOdtTSXJn4n0JPW/pI3AChqx1+85zyZujj4Yh4tg=="],

    "@stacksjs/ts-spell-check": ["@stacksjs/ts-spell-check@0.1.0", "", {}, "sha512-GnrxhHh606U6e0uPoUfbyh3sWI2VCtj6IwtSS4ik8Jz7vF11WFZ4qeCnXlUSZXLLlk0ukcdpilZr4girmx7PbA=="],

    "@stacksjs/ts-svg": ["@stacksjs/ts-svg@0.1.1", "", { "dependencies": { "@stacksjs/ts-css": "^0.1.0", "@stacksjs/ts-png": "^0.1.2" }, "bin": { "svg": "dist/cli.js" } }, "sha512-jG/DC3JaWEvblsrl3X1mVFPZY+1+DEtt9ypWXuXHyWyud+CaD/MQdGRypJbRyLrT03HWx/x6TG9UOzh7GDaing=="],

    "@stacksjs/ts-webp": ["@stacksjs/ts-webp@0.1.1", "", {}, "sha512-Sa6hqnFD7cj+jahJRRllZL5UpYzj6Wu1Euz3JnFzMYqKv7wGY/7W1RXOpt0Wp+E0Qi12c+aJ241tCt79Es/kxA=="],

    "@stacksjs/ts-xml": ["@stacksjs/ts-xml@0.1.0", "", { "bin": { "bin-name": "./dist/bin/cli.js" } }, "sha512-YB7FSlFcPqopUOmjK1Qqr5E6QaarerIFJzWfUXOO/EuR1qX+IRRKxOKbWRmCvN72Mnchz8EfXhlvxEK+Zz/mQQ=="],

    "@ts-cloud/aws-types": ["@ts-cloud/aws-types@0.7.49", "", {}, "sha512-iwXej0rQFFksmuUj7dnoIRAjDFsosujehu/9V2Dc4XADTEEPXHmZn74nA2hOxgA4ADBcSR59AstYxyPir8tfUg=="],

    "@ts-cloud/core": ["@ts-cloud/core@0.7.49", "", { "dependencies": { "@ts-cloud/aws-types": "0.7.49" } }, "sha512-a6crlzqhheMaMgiOjPsRMiJRyptXkLQjcQvKAcH0aY2u/SJWf0t5I27+3G70KX9dcxVA9tzltoCuiHD+QeO8Mw=="],

    "@types/bun": ["@types/bun@1.3.14", "", { "dependencies": { "bun-types": "1.3.14" } }, "sha512-h1hFqFVcvAvD9j9K7ZW7vd82aSA+rTdznZa+5bwvCwqSB1jmmfLcbIWhOLx1/+boy/xmjgCs/OMUL8hRJSmnPw=="],

    "@types/node": ["@types/node@26.1.1", "", { "dependencies": { "undici-types": "~8.3.0" } }, "sha512-nxAkRSVkN1Y0JC1W8ky/fTfkGsMmcrRsbx+3XoZE+rMOX71kLYTV7fLXpqud1GpbpP5TuffXFqfX7fH2GgZREw=="],

    "@typescript/typescript-aix-ppc64": ["@typescript/typescript-aix-ppc64@7.0.2", "", { "os": "aix", "cpu": "ppc64" }, "sha512-MTKKkWB7p/0E9xi1d1tHtZ5PiLkGEMIq88pK2CubZjOsLtYTLqhgIgi6zepFa+9GHZ6h05NMCkQxGKiPXMxXtQ=="],

    "@typescript/typescript-darwin-arm64": ["@typescript/typescript-darwin-arm64@7.0.2", "", { "os": "darwin", "cpu": "arm64" }, "sha512-gowzar9MwS/aRWp6f3a4KUqzRjAZjOsmGNCM6LcTgXum+dBfgsBVMN+AgvOCCbguXyick6LJhpBszxMebJ8syA=="],

    "@typescript/typescript-darwin-x64": ["@typescript/typescript-darwin-x64@7.0.2", "", { "os": "darwin", "cpu": "x64" }, "sha512-SZ9xZInqApNlNGc9s0W1VSsktYSOe9cFqNOIqmN1Gs8SmkjKZYFt017G4VwPxASInODuAdbTW7sXiFUf893RgA=="],

    "@typescript/typescript-freebsd-arm64": ["@typescript/typescript-freebsd-arm64@7.0.2", "", { "os": "freebsd", "cpu": "arm64" }, "sha512-W5NH4y/J0plIIS5b2xvTEkU7JFxyqdMAOgf+Ilhl0vHQXKO5dZoxd+C/jEtq56c4F3wk71RB4BMRQ2XdI+bwYQ=="],

    "@typescript/typescript-freebsd-x64": ["@typescript/typescript-freebsd-x64@7.0.2", "", { "os": "freebsd", "cpu": "x64" }, "sha512-UMGDx5sTpzNw3WiPebH7l90IWfJggEd+egHt/q6p7/Cm3zqoV7VxkGXt+3DxPIw8CcmvAB0j3sVVfbhX+M4Tpw=="],

    "@typescript/typescript-linux-arm": ["@typescript/typescript-linux-arm@7.0.2", "", { "os": "linux", "cpu": "arm" }, "sha512-gffT3xPz9sR7j/YJExkyPntrI0P2EP9XbOyWzth2/Gs0RstK+90RBcO0ncXoXy/beYll1SXw846Nf2zdnEz0QQ=="],

    "@typescript/typescript-linux-arm64": ["@typescript/typescript-linux-arm64@7.0.2", "", { "os": "linux", "cpu": "arm64" }, "sha512-Qh4eU4/y3yDjnfjjyPYihMj5/ODIlmt+Bzu17OI+fiSRDW57QmU5SiN63exPRNJPKUzcc1INa1NXdrJ+MqHjUQ=="],

    "@typescript/typescript-linux-loong64": ["@typescript/typescript-linux-loong64@7.0.2", "", { "os": "linux", "cpu": "none" }, "sha512-uEHck9i8hoAzXPiYRib1O7miOnz23SxIeVl6F4LXox+qov1K35jHcEW6VHKvZI+pyvl7fZEP4MCU5LYvIq1GuQ=="],

    "@typescript/typescript-linux-mips64el": ["@typescript/typescript-linux-mips64el@7.0.2", "", { "os": "linux", "cpu": "none" }, "sha512-R4KvAMnE43W5Qeqb0Ly56O3mWMWIAgsMyz36DCaycd5nbg/9kzm0liw3JocfRqyJY0KPmzFjbswozXyW0DnIYA=="],

    "@typescript/typescript-linux-ppc64": ["@typescript/typescript-linux-ppc64@7.0.2", "", { "os": "linux", "cpu": "ppc64" }, "sha512-DORx5b3sd/4S7eayxm4FQv+A7CrkUIGRaHiwI8oiHTAI1fAPWhF4J0vAlkC8biAlHSVVwxMQ3tjZ2/DVbnQiiA=="],

    "@typescript/typescript-linux-riscv64": ["@typescript/typescript-linux-riscv64@7.0.2", "", { "os": "linux", "cpu": "none" }, "sha512-wf0jqEDOjrPRnKwYRyyJDRo11KMbvMFrU+q4zqKyChODBzvlkbhNQfKvLxQCcwTpdDaXSHZTVuh0JoCrKCUMHQ=="],

    "@typescript/typescript-linux-s390x": ["@typescript/typescript-linux-s390x@7.0.2", "", { "os": "linux", "cpu": "s390x" }, "sha512-IkwJc3L7yhytWd/ewjyxNDfOmswCm9GWMJT/ue/dU4aZNbwZeYAetq42VyLmsmSjvoX7z74X6ZaYCtzAr0EuGw=="],

    "@typescript/typescript-linux-x64": ["@typescript/typescript-linux-x64@7.0.2", "", { "os": "linux", "cpu": "x64" }, "sha512-EYdf2cNg7rgCWJnxCdJ+F3V39O8ihb37eHAu1LK8oAFizgTQbPOK7zHHXbPt8rX24COqODXeI3sIf0fCXG7H/A=="],

    "@typescript/typescript-netbsd-arm64": ["@typescript/typescript-netbsd-arm64@7.0.2", "", { "os": "none", "cpu": "arm64" }, "sha512-+polYF4MF04aPpO5FTkHran9yUQDSXqy5GiSDKpsll5jy3l3+g9QLhpf39T+ePtefhXLOGrLl0QIjkQP6VnelA=="],

    "@typescript/typescript-netbsd-x64": ["@typescript/typescript-netbsd-x64@7.0.2", "", { "os": "none", "cpu": "x64" }, "sha512-8YIT0EHM/3dq10ZOVF/A7pc/YSMtbcecct4rWtexrnSCHOPcpC2KTLXfTCR6vDpnSiY12heNb1GiN/wu+T/FyA=="],

    "@typescript/typescript-openbsd-arm64": ["@typescript/typescript-openbsd-arm64@7.0.2", "", { "os": "openbsd", "cpu": "arm64" }, "sha512-APT8+ClYnuYm1u9+kgGXoMj2VzWzcymwh2gNSQVySHfkRDGOTVkoWLjCmOQSaO+PoqQ57B0flRp9SA+7GnnkzQ=="],

    "@typescript/typescript-openbsd-x64": ["@typescript/typescript-openbsd-x64@7.0.2", "", { "os": "openbsd", "cpu": "x64" }, "sha512-yX7s+Q0Dln0Dt9tEzZsAjXXR/+ytBM7AlglaqyeMPxQszJ1JhlJdZ6jLA+IzldHtflX81em7lDao1xXu+aRRkg=="],

    "@typescript/typescript-sunos-x64": ["@typescript/typescript-sunos-x64@7.0.2", "", { "os": "sunos", "cpu": "x64" }, "sha512-dLJDGaLZ1D4HPQn62u1n8mBDkJREwMsAkCdkwd4Ieqw+x3TUyTsqY0YiBCtE6H6OzzgGk3iuZ3vFWRS+E8/d1g=="],

    "@typescript/typescript-win32-arm64": ["@typescript/typescript-win32-arm64@7.0.2", "", { "os": "win32", "cpu": "arm64" }, "sha512-Gyl1Vy6OsWesLzmq+EP0Fb7b4Nid5232AvcA2SFcdYreldpNtYFFofPjnt62y9hQy7VTaZp65ICJjuAQRaVcIQ=="],

    "@typescript/typescript-win32-x64": ["@typescript/typescript-win32-x64@7.0.2", "", { "os": "win32", "cpu": "x64" }, "sha512-0BQ3HkAHHlKLSp1qRvf3SUhGpGsDuhB/jgFw75guyqbxJqEaS0Cw/VFO8i2nHglJUzQCRtMMR/IBAKE3ETMC4g=="],

    "better-dx": ["better-dx@0.2.19", "", { "dependencies": { "@stacksjs/bumpx": "^0.2.5", "@stacksjs/bunpress": "^0.1.4", "@stacksjs/clapp": "^0.2.6", "@stacksjs/clarity": "^0.3.28", "@stacksjs/gitlint": "^0.1.5", "@stacksjs/logsmith": "^0.2.1", "@types/bun": "^1.3.13", "buddy-bot": "^0.9.17", "bun-git-hooks": "^0.3.2", "bun-plugin-dtsx": "^0.10.6", "bunfig": "^0.15.11", "pickier": "^0.1.28", "ts-error-handling": "^0.1.1", "typescript": "^7.0.2" } }, "sha512-4ZmFRxyDWshLY/fFYdXXfRA0YjONYUgws/6qd8xPjbQ5eRZ2FwzWO+hK7+fsZN5XcusHHPRz44TYVX1AznvR8g=="],

    "buddy-bot": ["buddy-bot@0.9.22", "", { "dependencies": { "prompts": "^2.4.2", "ts-pantry": "^0.10.11" }, "bin": { "buddy-bot": "./dist/bin/cli.js" } }, "sha512-3KBNW+3HGlNH1Yd3Th/QH2UA/KCv7YU7lsdnO4xtphMwrf0LvmWiyF3Dpbgiku3HqrSoohKKlPZtJNG1LwIpaw=="],

    "bun-git-hooks": ["bun-git-hooks@0.3.2", "", { "bin": { "git-hooks": "./dist/bin/cli.js", "bun-git-hooks": "./dist/bin/cli.js" } }, "sha512-cHkmB7sxmtPNekzG0nGXqbN8Q+dZf4muvV4eCB8dBCduW1DHR+4YulKinPUk/C6Rogy+JMyL1ysVVVWwZobwZw=="],

    "bun-plugin-dtsx": ["bun-plugin-dtsx@0.10.9", "", { "dependencies": { "@stacksjs/dtsx": "0.10.9" } }, "sha512-mTtVhn7Uawoml2mHwIo9y4DCy+aWB99xIHYqVPYEF/4YpZa1u4q2qtYcd/cClthMFsgnl6WS2ZKO92tWXoQnoA=="],

    "bun-plugin-stx": ["bun-plugin-stx@0.2.99", "", { "dependencies": { "@stacksjs/stx": "^0.2.72", "stx-router": "^0.2.72" }, "bin": { "serve": "./dist/serve.js", "stx-serve": "./dist/serve.js" } }, "sha512-aMbMujmUqabHjA/NFJMJrKP2EieK4Dkr8dtLSDiinTjdIBnsLNCuy8yBWHPF/x6bD4tnvctF5FORlyOBoIXX8Q=="],

    "bun-types": ["bun-types@1.3.14", "", { "dependencies": { "@types/node": "*" } }, "sha512-4N0ig0fEomHt5R0KCFWjovxow98rIoRwKolrYdCcknNwMekCXRnWEUvgu5soYV8QXtVsrUD8B95MBOZGPvr6KQ=="],

    "bunfig": ["bunfig@0.15.15", "", { "dependencies": { "@stacksjs/clapp": "^0.2.0", "@stacksjs/clarity": "^0.3.24" }, "bin": { "bunfig": "./bin/cli.js" } }, "sha512-LEBk4M2WqwsJs7U9N5ZnEV6C9Oq74yhcF0VQj/dFBLWyxhDozH3xn4zxrJOFyTwYzYPn6AyDGtSnq2B05HrWZA=="],

    "data-uri-to-buffer": ["data-uri-to-buffer@6.0.2", "", {}, "sha512-7hvf7/GW8e86rW0ptuwS3OcBGDjIi6SZva7hCyWC0yYry2cOPmLIjXAUHI6DK2HsnwJd9ifmt57i8eV2n4YNpw=="],

    "kleur": ["kleur@3.0.3", "", {}, "sha512-eTIzlVOSUR+JxdDFepEYcBMtZ9Qqdef+rnzWdRZuMbOywu5tO2w2N7rqjoANZ5k9vywhL6Br1VRjUIgTQx4E8w=="],

    "pickier": ["pickier@0.1.40", "", { "dependencies": { "@stacksjs/clapp": "^0.2.3", "@stacksjs/clarity": "^0.3.24" }, "optionalDependencies": { "@stacksjs/ts-spell-check": "^0.1.0" }, "bin": { "pickier": "./dist/bin/cli.js" } }, "sha512-4zE0pNkJxg03SOaSziuSX5ZPIwwLczmjINUlNdrBhfHKlSp5DbAf3ExXlYCoFDk4YLmnVqXS/K9z5p4h7rvBGg=="],

    "prompts": ["prompts@2.4.2", "", { "dependencies": { "kleur": "^3.0.3", "sisteransi": "^1.0.5" } }, "sha512-NxNv/kLguCA7p3jE8oL2aEBsrJWgAakBpgmgK6lpPWV+WuOmY6r2/zbAVnP+T8bQlA0nzHXSJSJW0Hq7ylaD2Q=="],

    "sisteransi": ["sisteransi@1.0.5", "", {}, "sha512-bLGGlR1QxBcynn2d5YmDX4MGjlZvy2MRBDRNHLJ8VI6l6+9FUiyTFNJ0IveOSP0bcXgVDPRcfGqA0pjaqUpfVg=="],

    "stx-router": ["stx-router@0.2.99", "", {}, "sha512-hAkLewTtvi5wkG3AHlAkEPJR763n1wxkCfOhv/B5YGna0uO/3l8ilS1ZSvThM/5H8WUDT775b9AaWbzqwqp5Bw=="],

    "ts-broadcasting": ["ts-broadcasting@0.0.8", "", { "bin": { "broadcast": "./dist/bin/cli.js" } }, "sha512-0qeFeTeWCRTkVQBLIhtvPCEhJ72EwF+G0TDF2V03ldxDKbFWlCRM5nJuP8aXyZDxeeGZ6zWwYtAIMRHrmwEDAA=="],

    "ts-error-handling": ["ts-error-handling@0.1.3", "", {}, "sha512-Agm8wbQL1YVvnffVDSUKMgImZBoR4UVFjzPaIwPxa0z7YwsowKV8R57pCDIjLP/dTHRBetg7ZfdTeuNVb21OfA=="],

    "ts-gif": ["ts-gif@0.1.2", "", { "dependencies": { "data-uri-to-buffer": "^6.0.2" } }, "sha512-jbraplO1qqJtrtkFeepNPUGPad7w8FQHWIQFsn1OJbHeWKUbdqdkrX18XzNXI5Fw7+s6A3nbNTdj+Ukn4d3f8g=="],

    "ts-images": ["ts-images@0.1.11", "", { "dependencies": { "@stacksjs/ts-avif": "^0.1.0", "@stacksjs/ts-bmp": "^0.1.0", "@stacksjs/ts-png": "^0.1.2", "@stacksjs/ts-svg": "^0.1.1", "@stacksjs/ts-webp": "^0.1.0", "ts-gif": "^0.1.2", "ts-jpeg": "^0.3.1" }, "bin": { "imgx": "./dist/bin/cli.js" } }, "sha512-b5g1uADQR1Ytg4mS0EyFEce9jWhxC/kj1f5ChTVnnpPZV8NhI+aEW8YbH+LMDRCzCE1HRJiUIweUPqMkMAytIA=="],

    "ts-jpeg": ["ts-jpeg@0.3.3", "", {}, "sha512-ljEieWg5ZqvqfKk4dyW4By+ii4Nd4j8IC6b87flOruQfP8oPbI5+3C3q3IUeT0aLiVRipRPWAZexg92zcIy9yQ=="],

    "ts-pantry": ["ts-pantry@0.10.28", "", { "dependencies": { "@stacksjs/ts-cloud": "^0.7.26", "bunfig": "^0.15.6", "ts-web-scraper": "^0.1.1" }, "bin": { "ts-pantry": "./dist/bin/cli.js" } }, "sha512-3NmHcy1i9d09T0tkDWEfzdFycboCsVyyZKe6OZy75htDIPpb9ajQT6xxGQygQB9fbSK0MgB4HVxLCmmUtQ7/jA=="],

    "ts-syntax-highlighter": ["ts-syntax-highlighter@0.2.5", "", { "bin": { "ts-syntax-highlighter": "./dist/bin/cli.js" } }, "sha512-4v2wDrPRZOeAA3o647xhyvuzpTIiSqimuR/KWoRZ/BtqX1yC9tesJzRMPpkbwZOI6BoJs65wST20Ma6Nyw+2Rg=="],

    "ts-web-scraper": ["ts-web-scraper@0.1.4", "", { "dependencies": { "bunfig": "^0.15.14" }, "bin": { "scraper": "./dist/bin/cli.js" } }, "sha512-hxZDU4A4n7j3R0tZSDYw294S6v4a7TmpkBdUBvSp6UozyoQzceKQ/uiwmrIsMU1s+daTo01l+1QUeoRtl70/Rg=="],

    "typescript": ["typescript@7.0.2", "", { "optionalDependencies": { "@typescript/typescript-aix-ppc64": "7.0.2", "@typescript/typescript-darwin-arm64": "7.0.2", "@typescript/typescript-darwin-x64": "7.0.2", "@typescript/typescript-freebsd-arm64": "7.0.2", "@typescript/typescript-freebsd-x64": "7.0.2", "@typescript/typescript-linux-arm": "7.0.2", "@typescript/typescript-linux-arm64": "7.0.2", "@typescript/typescript-linux-loong64": "7.0.2", "@typescript/typescript-linux-mips64el": "7.0.2", "@typescript/typescript-linux-ppc64": "7.0.2", "@typescript/typescript-linux-riscv64": "7.0.2", "@typescript/typescript-linux-s390x": "7.0.2", "@typescript/typescript-linux-x64": "7.0.2", "@typescript/typescript-netbsd-arm64": "7.0.2", "@typescript/typescript-netbsd-x64": "7.0.2", "@typescript/typescript-openbsd-arm64": "7.0.2", "@typescript/typescript-openbsd-x64": "7.0.2", "@typescript/typescript-sunos-x64": "7.0.2", "@typescript/typescript-win32-arm64": "7.0.2", "@typescript/typescript-win32-x64": "7.0.2" }, "bin": { "tsc": "bin/tsc" } }, "sha512-8FYau96o3NKOhbjKi/qNvG/W5jhzxkbdm5sj9AbZ/5T5sWqn3hJgLfGx27sRKZWTvyzCP8dLRBTf5tBTSRVUNA=="],

    "undici-types": ["undici-types@8.3.0", "", {}, "sha512-j375ScV60dom+YkPFIfTLcOiPxkN/buHz5GobjLhixFuANaNs3C9l4GmrWqejgXWJ7BbJcFYpTEUkS1Ge8bpZQ=="],
  }
}
